<?xml version="1.0" encoding="utf-8"?>
<Project ToolsVersion="4.0" xmlns="http://schemas.microsoft.com/developer/msbuild/2003">
  <ItemGroup>
    <Filter Include="Source Files">
      <UniqueIdentifier>{4FC737F1-C7A5-4376-A066-2A32D752A2FF}</UniqueIdentifier>
      <Extensions>cpp;c;cxx;def;odl;idl;hpj;bat;asm;asmx</Extensions>
    </Filter>
    <Filter Include="Header Files">
      <UniqueIdentifier>{93995380-89BD-4b04-88EB-625FBE52EBFB}</UniqueIdentifier>
      <Extensions>h;hpp;hxx;hm;inl;inc;xsd</Extensions>
    </Filter>
    <Filter Include="Resource Files">
      <UniqueIdentifier>{67DA6AB6-F800-4c08-8B7A-83BB121AAD01}</UniqueIdentifier>
      <Extensions>rc;ico;cur;bmp;dlg;rc2;rct;bin;rgs;gif;jpg;jpeg;jpe;resx</Extensions>
    </Filter>
    <Filter Include="HTML Help Files">
      <UniqueIdentifier>{131e85cc-b851-46c8-861e-d543f15b6d80}</UniqueIdentifier>
      <Extensions>hhp;hhc;hhk;gif;jpg</Extensions>
    </Filter>
    <Filter Include="HTML Help Topics">
      <UniqueIdentifier>{5d91c301-aae1-45db-8c83-69b385a04fb7}</UniqueIdentifier>
      <Extensions>htm;html</Extensions>
    </Filter>
  </ItemGroup>
  <ItemGroup>
    <ClCompile Include="Abstract.cpp">
      <Filter>Source Files</Filter>
    </ClCompile>
    <ClCompile Include="Access.cpp">
      <Filter>Source Files</Filter>
    </ClCompile>
    <ClCompile Include="AnalysisPage.cpp">
      <Filter>Source Files</Filter>
    </ClCompile>
    <ClCompile Include="BViewer.cpp">
      <Filter>Source Files</Filter>
    </ClCompile>
    <ClCompile Include="ComposeReportPage.cpp">
      <Filter>Source Files</Filter>
    </ClCompile>
    <ClCompile Include="Configuration.cpp">
      <Filter>Source Files</Filter>
    </ClCompile>
    <ClCompile Include="ControlPanel.cpp">
      <Filter>Source Files</Filter>
    </ClCompile>
    <ClCompile Include="ControlTip.cpp">
      <Filter>Source Files</Filter>
    </ClCompile>
    <ClCompile Include="Customization.cpp">
      <Filter>Source Files</Filter>
    </ClCompile>
    <ClCompile Include="CustomizePage.cpp">
      <Filter>Source Files</Filter>
    </ClCompile>
    <ClCompile Include="DiagnosticImage.cpp">
      <Filter>Source Files</Filter>
    </ClCompile>
    <ClCompile Include="Dicom.cpp">
      <Filter>Source Files</Filter>
    </ClCompile>
    <ClCompile Include="DicomDictionary.cpp">
      <Filter>Source Files</Filter>
    </ClCompile>
    <ClCompile Include="Export.cpp">
      <Filter>Source Files</Filter>
    </ClCompile>
    <ClCompile Include="FrameHeader.cpp">
      <Filter>Source Files</Filter>
    </ClCompile>
    <ClCompile Include="GraphicsAdapter.cpp">
      <Filter>Source Files</Filter>
    </ClCompile>
    <ClCompile Include="ImageFrame.cpp">
      <Filter>Source Files</Filter>
    </ClCompile>
    <ClCompile Include="ImageView.cpp">
      <Filter>Source Files</Filter>
    </ClCompile>
    <ClCompile Include="ImportSelector.cpp">
      <Filter>Source Files</Filter>
    </ClCompile>
    <ClCompile Include="LoginScreen.cpp">
      <Filter>Source Files</Filter>
    </ClCompile>
    <ClCompile Include="MainFrm.cpp">
      <Filter>Source Files</Filter>
    </ClCompile>
    <ClCompile Include="Module.cpp">
      <Filter>Source Files</Filter>
    </ClCompile>
    <ClCompile Include="Mouse.cpp">
      <Filter>Source Files</Filter>
    </ClCompile>
    <ClCompile Include="PanelTabCtrl.cpp">
      <Filter>Source Files</Filter>
    </ClCompile>
    <ClCompile Include="PopupDialog.cpp">
      <Filter>Source Files</Filter>
    </ClCompile>
    <ClCompile Include="ReaderInfoScreen.cpp">
      <Filter>Source Files</Filter>
    </ClCompile>
    <ClCompile Include="ReportSelector.cpp">
      <Filter>Source Files</Filter>
    </ClCompile>
    <ClCompile Include="ReportSelectorHeading.cpp">
      <Filter>Source Files</Filter>
    </ClCompile>
    <ClCompile Include="ReportStatus.cpp">
      <Filter>Source Files</Filter>
    </ClCompile>
    <ClCompile Include="SelectorHeading.cpp">
      <Filter>Source Files</Filter>
    </ClCompile>
    <ClCompile Include="SelectStandard.cpp">
      <Filter>Source Files</Filter>
    </ClCompile>
    <ClCompile Include="SelectStudyPage.cpp">
      <Filter>Source Files</Filter>
    </ClCompile>
    <ClCompile Include="SplashWnd.cpp">
      <Filter>Source Files</Filter>
    </ClCompile>
    <ClCompile Include="StandardSelector.cpp">
      <Filter>Source Files</Filter>
    </ClCompile>
    <ClCompile Include="stdafx.cpp">
      <Filter>Source Files</Filter>
    </ClCompile>
    <ClCompile Include="Study.cpp">
      <Filter>Source Files</Filter>
    </ClCompile>
    <ClCompile Include="StudySelector.cpp">
      <Filter>Source Files</Filter>
    </ClCompile>
    <ClCompile Include="TextWindow.cpp">
      <Filter>Source Files</Filter>
    </ClCompile>
    <ClCompile Include="TomButton.cpp">
      <Filter>Source Files</Filter>
    </ClCompile>
    <ClCompile Include="TomControl.cpp">
      <Filter>Source Files</Filter>
    </ClCompile>
    <ClCompile Include="TomEdit.cpp">
      <Filter>Source Files</Filter>
    </ClCompile>
    <ClCompile Include="TomEditDate.cpp">
      <Filter>Source Files</Filter>
    </ClCompile>
    <ClCompile Include="TomGroup.cpp">
      <Filter>Source Files</Filter>
    </ClCompile>
    <ClCompile Include="TomStatic.cpp">
      <Filter>Source Files</Filter>
    </ClCompile>
    <ClCompile Include="UserManualPage.cpp">
      <Filter>Source Files</Filter>
    </ClCompile>
    <ClCompile Include="ViewLogPage.cpp">
      <Filter>Source Files</Filter>
    </ClCompile>
    <ClCompile Include="Client.cpp">
      <Filter>Source Files</Filter>
    </ClCompile>
    <ClCompile Include="TomComboBox.cpp">
      <Filter>Source Files</Filter>
    </ClCompile>
    <ClCompile Include="Signature.cpp">
      <Filter>Source Files</Filter>
    </ClCompile>
    <ClCompile Include="ImportDicomdir.cpp">
      <Filter>Source Files</Filter>
    </ClCompile>
    <ClCompile Include="GrayscaleSetting.cpp">
      <Filter>Source Files</Filter>
    </ClCompile>
    <ClCompile Include="ManualStudyEntry.cpp">
      <Filter>Source Files</Filter>
    </ClCompile>
    <ClCompile Include="SelectUser.cpp">
      <Filter>Source Files</Filter>
    </ClCompile>
    <ClCompile Include="SelectCurrentUser.cpp">
      <Filter>Source Files</Filter>
    </ClCompile>
  </ItemGroup>
  <ItemGroup>
    <ClInclude Include="Abstract.h">
      <Filter>Header Files</Filter>
    </ClInclude>
    <ClInclude Include="Access.h">
      <Filter>Header Files</Filter>
    </ClInclude>
    <ClInclude Include="AnalysisPage.h">
      <Filter>Header Files</Filter>
    </ClInclude>
    <ClInclude Include="BViewer.h">
      <Filter>Header Files</Filter>
    </ClInclude>
    <ClInclude Include="Calibration.h">
      <Filter>Header Files</Filter>
    </ClInclude>
    <ClInclude Include="ComposeReportPage.h">
      <Filter>Header Files</Filter>
    </ClInclude>
    <ClInclude Include="Configuration.h">
      <Filter>Header Files</Filter>
    </ClInclude>
    <ClInclude Include="ControlPanel.h">
      <Filter>Header Files</Filter>
    </ClInclude>
    <ClInclude Include="ControlTip.h">
      <Filter>Header Files</Filter>
    </ClInclude>
    <ClInclude Include="Customization.h">
      <Filter>Header Files</Filter>
    </ClInclude>
    <ClInclude Include="CustomizePage.h">
      <Filter>Header Files</Filter>
    </ClInclude>
    <ClInclude Include="DiagnosticImage.h">
      <Filter>Header Files</Filter>
    </ClInclude>
    <ClInclude Include="Dicom.h">
      <Filter>Header Files</Filter>
    </ClInclude>
    <ClInclude Include="DicomDictionary.h">
      <Filter>Header Files</Filter>
    </ClInclude>
    <ClInclude Include="Export.h">
      <Filter>Header Files</Filter>
    </ClInclude>
    <ClInclude Include="FrameHeader.h">
      <Filter>Header Files</Filter>
    </ClInclude>
    <ClInclude Include="glew.h">
      <Filter>Header Files</Filter>
    </ClInclude>
    <ClInclude Include="GraphicsAdapter.h">
      <Filter>Header Files</Filter>
    </ClInclude>
    <ClInclude Include="ImageFrame.h">
      <Filter>Header Files</Filter>
    </ClInclude>
    <ClInclude Include="ImageView.h">
      <Filter>Header Files</Filter>
    </ClInclude>
    <ClInclude Include="ImportSelector.h">
      <Filter>Header Files</Filter>
    </ClInclude>
    <ClInclude Include="LoginScreen.h">
      <Filter>Header Files</Filter>
    </ClInclude>
    <ClInclude Include="MainFrm.h">
      <Filter>Header Files</Filter>
    </ClInclude>
    <ClInclude Include="Module.h">
      <Filter>Header Files</Filter>
    </ClInclude>
    <ClInclude Include="Mouse.h">
      <Filter>Header Files</Filter>
    </ClInclude>
    <ClInclude Include="PanelTabCtrl.h">
      <Filter>Header Files</Filter>
    </ClInclude>
    <ClInclude Include="PopupDialog.h">
      <Filter>Header Files</Filter>
    </ClInclude>
    <ClInclude Include="ReaderInfoScreen.h">
      <Filter>Header Files</Filter>
    </ClInclude>
    <ClInclude Include="ReportSelector.h">
      <Filter>Header Files</Filter>
    </ClInclude>
    <ClInclude Include="ReportSelectorHeading.h">
      <Filter>Header Files</Filter>
    </ClInclude>
    <ClInclude Include="ReportStatus.h">
      <Filter>Header Files</Filter>
    </ClInclude>
    <ClInclude Include="SelectorHeading.h">
      <Filter>Header Files</Filter>
    </ClInclude>
    <ClInclude Include="SelectStandard.h">
      <Filter>Header Files</Filter>
    </ClInclude>
    <ClInclude Include="SelectStudyPage.h">
      <Filter>Header Files</Filter>
    </ClInclude>
    <ClInclude Include="SplashWnd.h">
      <Filter>Header Files</Filter>
    </ClInclude>
    <ClInclude Include="StandardSelector.h">
      <Filter>Header Files</Filter>
    </ClInclude>
    <ClInclude Include="stdafx.h">
      <Filter>Header Files</Filter>
    </ClInclude>
    <ClInclude Include="Study.h">
      <Filter>Header Files</Filter>
    </ClInclude>
    <ClInclude Include="StudySelector.h">
      <Filter>Header Files</Filter>
    </ClInclude>
    <ClInclude Include="TextWindow.h">
      <Filter>Header Files</Filter>
    </ClInclude>
    <ClInclude Include="TomButton.h">
      <Filter>Header Files</Filter>
    </ClInclude>
    <ClInclude Include="TomControl.h">
      <Filter>Header Files</Filter>
    </ClInclude>
    <ClInclude Include="TomEdit.h">
      <Filter>Header Files</Filter>
    </ClInclude>
    <ClInclude Include="TomEditDate.h">
      <Filter>Header Files</Filter>
    </ClInclude>
    <ClInclude Include="TomGroup.h">
      <Filter>Header Files</Filter>
    </ClInclude>
    <ClInclude Include="TomStatic.h">
      <Filter>Header Files</Filter>
    </ClInclude>
    <ClInclude Include="UserManualPage.h">
      <Filter>Header Files</Filter>
    </ClInclude>
    <ClInclude Include="ViewLogPage.h">
      <Filter>Header Files</Filter>
    </ClInclude>
    <ClInclude Include="wglew.h">
      <Filter>Header Files</Filter>
    </ClInclude>
    <ClInclude Include="Client.h">
      <Filter>Header Files</Filter>
    </ClInclude>
    <ClInclude Include="TomComboBox.h">
      <Filter>Header Files</Filter>
    </ClInclude>
    <ClInclude Include="Signature.h">
      <Filter>Header Files</Filter>
    </ClInclude>
    <ClInclude Include="ImportDicomdir.h">
      <Filter>Header Files</Filter>
    </ClInclude>
    <ClInclude Include="GrayscaleSetting.h">
      <Filter>Header Files</Filter>
    </ClInclude>
    <ClInclude Include="wglext.h">
      <Filter>Resource Files</Filter>
    </ClInclude>
    <ClInclude Include="ManualStudyEntry.h">
      <Filter>Header Files</Filter>
    </ClInclude>
    <ClInclude Include="SelectUser.h">
      <Filter>Header Files</Filter>
    </ClInclude>
    <ClInclude Include="SelectCurrentUser.h">
      <Filter>Header Files</Filter>
    </ClInclude>
  </ItemGroup>
  <ItemGroup>
    <None Include="hlp\Images\Bullet.gif">
      <Filter>Resource Files</Filter>
    </None>
    <None Include="res\BViewer.ico">
      <Filter>Resource Files</Filter>
    </None>
    <None Include="res\BViewer.rc2">
      <Filter>Resource Files</Filter>
    </None>
    <None Include="res\BViewerSplash.bmp">
      <Filter>Resource Files</Filter>
    </None>
    <None Include="res\Drive.bmp">
      <Filter>Resource Files</Filter>
    </None>
    <None Include="res\Folder.bmp">
      <Filter>Resource Files</Filter>
    </None>
    <None Include="res\Folder.ICO">
      <Filter>Resource Files</Filter>
    </None>
    <None Include="res\icon1.ico">
      <Filter>Resource Files</Filter>
    </None>
    <None Include="res\Toolbar.bmp">
      <Filter>Resource Files</Filter>
    </None>
    <None Include="hlp\BViewer.hhc">
      <Filter>HTML Help Files</Filter>
    </None>
    <None Include="hlp\BViewer.hhk">
      <Filter>HTML Help Files</Filter>
    </None>
    <None Include="hlp\TopicMain.htm">
      <Filter>HTML Help Topics</Filter>
    </None>
    <None Include="ReadMe.txt" />
    <None Include="res\FolderOpen.bmp">
      <Filter>Resource Files</Filter>
    </None>
    <None Include="res\DicomImage.bmp">
      <Filter>Resource Files</Filter>
    </None>
    <None Include="res\Folder1.bmp">
      <Filter>Resource Files</Filter>
    </None>
  </ItemGroup>
  <ItemGroup>
    <ResourceCompile Include="BViewer.rc">
      <Filter>Resource Files</Filter>
    </ResourceCompile>
  </ItemGroup>
  <ItemGroup>
    <CustomBuild Include="Resource.h">
      <Filter>Header Files</Filter>
    </CustomBuild>
    <CustomBuild Include="hlp\BViewer.hhp">
      <Filter>HTML Help Files</Filter>
    </CustomBuild>
  </ItemGroup>
</Project>